
Microsoft Visual Studio Solution File, Format Version 12.00
# Visual Studio 2013
VisualStudioVersion = 12.0.40629.0
MinimumVisualStudioVersion = 10.0.40219.1
Project("{FAE04EC0-301F-11D3-BF4B-00C04F79EFBC}") = "LABORATORIO_1", "LABORATORIO_1\LABORATORIO_1.csproj", "{8C03C860-0C0A-4669-861B-7026C2700D1D}"
EndProject
Project("{FAE04EC0-301F-11D3-BF4B-00C04F79EFBC}") = "LinkedList", "LibreriaListas\LibreriaListas\LinkedList\LinkedList.csproj", "{94D4C2D6-E011-48D0-813F-36E075528575}"
EndProject
Project("{FAE04EC0-301F-11D3-BF4B-00C04F79EFBC}") = "ListaArtesanal", "LibreriaListas\LibreriaListas\LibreriaListas\ListaArtesanal.csproj", "{DF0A87BD-017E-4C0E-8C64-FBD1ADE14F7B}"
EndProject
Global
	GlobalSection(SolutionConfigurationPlatforms) = preSolution
		Debug|Any CPU = Debug|Any CPU
		Release|Any CPU = Release|Any CPU
	EndGlobalSection
	GlobalSection(ProjectConfigurationPlatforms) = postSolution
		{8C03C860-0C0A-4669-861B-7026C2700D1D}.Debug|Any CPU.ActiveCfg = Debug|Any CPU
		{8C03C860-0C0A-4669-861B-7026C2700D1D}.Debug|Any CPU.Build.0 = Debug|Any CPU
		{8C03C860-0C0A-4669-861B-7026C2700D1D}.Release|Any CPU.ActiveCfg = Release|Any CPU
		{8C03C860-0C0A-4669-861B-7026C2700D1D}.Release|Any CPU.Build.0 = Release|Any CPU
		{94D4C2D6-E011-48D0-813F-36E075528575}.Debug|Any CPU.ActiveCfg = Debug|Any CPU
		{94D4C2D6-E011-48D0-813F-36E075528575}.Debug|Any CPU.Build.0 = Debug|Any CPU
		{94D4C2D6-E011-48D0-813F-36E075528575}.Release|Any CPU.ActiveCfg = Release|Any CPU
		{94D4C2D6-E011-48D0-813F-36E075528575}.Release|Any CPU.Build.0 = Release|Any CPU
		{DF0A87BD-017E-4C0E-8C64-FBD1ADE14F7B}.Debug|Any CPU.ActiveCfg = Debug|Any CPU
		{DF0A87BD-017E-4C0E-8C64-FBD1ADE14F7B}.Debug|Any CPU.Build.0 = Debug|Any CPU
		{DF0A87BD-017E-4C0E-8C64-FBD1ADE14F7B}.Release|Any CPU.ActiveCfg = Release|Any CPU
		{DF0A87BD-017E-4C0E-8C64-FBD1ADE14F7B}.Release|Any CPU.Build.0 = Release|Any CPU
	EndGlobalSection
	GlobalSection(SolutionProperties) = preSolution
		HideSolutionNode = FALSE
	EndGlobalSection
	GlobalSection(ExtensibilityGlobals) = postSolution
		SolutionGuid = {F3F23304-BC48-4521-8C81-A16FFEB75AA1}
	EndGlobalSection
EndGlobal
